
Microsoft Visual Studio Solution File, Format Version 12.00
# Visual Studio Version 16
VisualStudioVersion = 16.0.30804.86
MinimumVisualStudioVersion = 10.0.40219.1
Project("{9A19103F-16F7-4668-BE54-9A1E7A4F7556}") = "WEBApiTest", "WEBApiTest\WEBApiTest.csproj", "{AEB3A3DC-4CE8-4D7D-95E9-167DB4B1FDE2}"
EndProject
Project("{9A19103F-16F7-4668-BE54-9A1E7A4F7556}") = "Business", "Business\Business.csproj", "{F02F5663-7E9A-405A-92DF-3EEF23BB150B}"
EndProject
Project("{9A19103F-16F7-4668-BE54-9A1E7A4F7556}") = "Services", "Services\Services.csproj", "{EEFFE599-73D9-46F2-B9F8-9888EF491003}"
EndProject
Project("{9A19103F-16F7-4668-BE54-9A1E7A4F7556}") = "SqlDBLayer", "SqlDBLayer\SqlDBLayer.csproj", "{B62323FB-9849-43D8-A5BB-4942ECBB3EE1}"
EndProject
Project("{FAE04EC0-301F-11D3-BF4B-00C04F79EFBC}") = "Common", "Common\Common.csproj", "{BE8D565B-6A2B-4A17-A45B-2C1F3D84A549}"
EndProject
Global
	GlobalSection(SolutionConfigurationPlatforms) = preSolution
		Debug|Any CPU = Debug|Any CPU
		Release|Any CPU = Release|Any CPU
	EndGlobalSection
	GlobalSection(ProjectConfigurationPlatforms) = postSolution
		{AEB3A3DC-4CE8-4D7D-95E9-167DB4B1FDE2}.Debug|Any CPU.ActiveCfg = Debug|Any CPU
		{AEB3A3DC-4CE8-4D7D-95E9-167DB4B1FDE2}.Debug|Any CPU.Build.0 = Debug|Any CPU
		{AEB3A3DC-4CE8-4D7D-95E9-167DB4B1FDE2}.Release|Any CPU.ActiveCfg = Release|Any CPU
		{AEB3A3DC-4CE8-4D7D-95E9-167DB4B1FDE2}.Release|Any CPU.Build.0 = Release|Any CPU
		{F02F5663-7E9A-405A-92DF-3EEF23BB150B}.Debug|Any CPU.ActiveCfg = Debug|Any CPU
		{F02F5663-7E9A-405A-92DF-3EEF23BB150B}.Debug|Any CPU.Build.0 = Debug|Any CPU
		{F02F5663-7E9A-405A-92DF-3EEF23BB150B}.Release|Any CPU.ActiveCfg = Release|Any CPU
		{F02F5663-7E9A-405A-92DF-3EEF23BB150B}.Release|Any CPU.Build.0 = Release|Any CPU
		{EEFFE599-73D9-46F2-B9F8-9888EF491003}.Debug|Any CPU.ActiveCfg = Debug|Any CPU
		{EEFFE599-73D9-46F2-B9F8-9888EF491003}.Debug|Any CPU.Build.0 = Debug|Any CPU
		{EEFFE599-73D9-46F2-B9F8-9888EF491003}.Release|Any CPU.ActiveCfg = Release|Any CPU
		{EEFFE599-73D9-46F2-B9F8-9888EF491003}.Release|Any CPU.Build.0 = Release|Any CPU
		{B62323FB-9849-43D8-A5BB-4942ECBB3EE1}.Debug|Any CPU.ActiveCfg = Debug|Any CPU
		{B62323FB-9849-43D8-A5BB-4942ECBB3EE1}.Debug|Any CPU.Build.0 = Debug|Any CPU
		{B62323FB-9849-43D8-A5BB-4942ECBB3EE1}.Release|Any CPU.ActiveCfg = Release|Any CPU
		{B62323FB-9849-43D8-A5BB-4942ECBB3EE1}.Release|Any CPU.Build.0 = Release|Any CPU
		{BE8D565B-6A2B-4A17-A45B-2C1F3D84A549}.Debug|Any CPU.ActiveCfg = Debug|Any CPU
		{BE8D565B-6A2B-4A17-A45B-2C1F3D84A549}.Debug|Any CPU.Build.0 = Debug|Any CPU
		{BE8D565B-6A2B-4A17-A45B-2C1F3D84A549}.Release|Any CPU.ActiveCfg = Release|Any CPU
		{BE8D565B-6A2B-4A17-A45B-2C1F3D84A549}.Release|Any CPU.Build.0 = Release|Any CPU
	EndGlobalSection
	GlobalSection(SolutionProperties) = preSolution
		HideSolutionNode = FALSE
	EndGlobalSection
	GlobalSection(ExtensibilityGlobals) = postSolution
		SolutionGuid = {E4937BC6-60CD-4EB0-A385-A44A8C472FE2}
	EndGlobalSection
EndGlobal
